// !$*UTF8*$!
{
	archiveVersion = 1;
	classes = {
	};
	objectVersion = 46;
	objects = {

/* Begin PBXBuildFile section */
		240E50FB1C3852B400B60E6A /* AppDelegate.swift in Sources */ = {isa = PBXBuildFile; fileRef = 240E50FA1C3852B400B60E6A /* AppDelegate.swift */; };
		240E51001C3852B400B60E6A /* Main.storyboard in Resources */ = {isa = PBXBuildFile; fileRef = 240E50FE1C3852B400B60E6A /* Main.storyboard */; };
		240E51021C3852B400B60E6A /* Assets.xcassets in Resources */ = {isa = PBXBuildFile; fileRef = 240E51011C3852B400B60E6A /* Assets.xcassets */; };
		240E51051C3852B400B60E6A /* LaunchScreen.storyboard in Resources */ = {isa = PBXBuildFile; fileRef = 240E51031C3852B400B60E6A /* LaunchScreen.storyboard */; };
		240E51341C3AF49D00B60E6A /* HeadingsViewController.swift in Sources */ = {isa = PBXBuildFile; fileRef = 240E51331C3AF49D00B60E6A /* HeadingsViewController.swift */; };
		240E51771C3C58B400B60E6A /* BodyViewController.swift in Sources */ = {isa = PBXBuildFile; fileRef = 240E51761C3C58B400B60E6A /* BodyViewController.swift */; };
		24F42E461C8F44290003A495 /* CDHelper.swift in Sources */ = {isa = PBXBuildFile; fileRef = 24F42E451C8F44290003A495 /* CDHelper.swift */; };
		24F42E481C8F44720003A495 /* CoreData.framework in Frameworks */ = {isa = PBXBuildFile; fileRef = 24F42E471C8F44720003A495 /* CoreData.framework */; };
		24F42E4E1C8F4FD20003A495 /* Model.xcdatamodeld in Sources */ = {isa = PBXBuildFile; fileRef = 24F42E4C1C8F4FD20003A495 /* Model.xcdatamodeld */; };
		24F42E511C8F55C40003A495 /* Bit+CoreDataProperties.swift in Sources */ = {isa = PBXBuildFile; fileRef = 24F42E4F1C8F55C40003A495 /* Bit+CoreDataProperties.swift */; };
		24F42E521C8F55C40003A495 /* Bit.swift in Sources */ = {isa = PBXBuildFile; fileRef = 24F42E501C8F55C40003A495 /* Bit.swift */; };
		24F42E541C8F83860003A495 /* CDTableViewController.swift in Sources */ = {isa = PBXBuildFile; fileRef = 24F42E531C8F83860003A495 /* CDTableViewController.swift */; };
		24F42E571C8FCE400003A495 /* GenericVC.swift in Sources */ = {isa = PBXBuildFile; fileRef = 24F42E561C8FCE400003A495 /* GenericVC.swift */; };
/* End PBXBuildFile section */

/* Begin PBXFileReference section */
		240E50F71C3852B400B60E6A /* Bits.app */ = {isa = PBXFileReference; explicitFileType = wrapper.application; includeInIndex = 0; path = Bits.app; sourceTree = BUILT_PRODUCTS_DIR; };
		240E50FA1C3852B400B60E6A /* AppDelegate.swift */ = {isa = PBXFileReference; lastKnownFileType = sourcecode.swift; path = AppDelegate.swift; sourceTree = "<group>"; };
		240E50FF1C3852B400B60E6A /* Base */ = {isa = PBXFileReference; lastKnownFileType = file.storyboard; name = Base; path = Base.lproj/Main.storyboard; sourceTree = "<group>"; };
		240E51011C3852B400B60E6A /* Assets.xcassets */ = {isa = PBXFileReference; lastKnownFileType = folder.assetcatalog; path = Assets.xcassets; sourceTree = "<group>"; };
		240E51041C3852B400B60E6A /* Base */ = {isa = PBXFileReference; lastKnownFileType = file.storyboard; name = Base; path = Base.lproj/LaunchScreen.storyboard; sourceTree = "<group>"; };
		240E51061C3852B400B60E6A /* Info.plist */ = {isa = PBXFileReference; lastKnownFileType = text.plist.xml; path = Info.plist; sourceTree = "<group>"; };
		240E51331C3AF49D00B60E6A /* HeadingsViewController.swift */ = {isa = PBXFileReference; fileEncoding = 4; lastKnownFileType = sourcecode.swift; path = HeadingsViewController.swift; sourceTree = "<group>"; };
		240E51761C3C58B400B60E6A /* BodyViewController.swift */ = {isa = PBXFileReference; fileEncoding = 4; lastKnownFileType = sourcecode.swift; path = BodyViewController.swift; sourceTree = "<group>"; };
		24F42E451C8F44290003A495 /* CDHelper.swift */ = {isa = PBXFileReference; fileEncoding = 4; lastKnownFileType = sourcecode.swift; path = CDHelper.swift; sourceTree = "<group>"; };
		24F42E471C8F44720003A495 /* CoreData.framework */ = {isa = PBXFileReference; lastKnownFileType = wrapper.framework; name = CoreData.framework; path = System/Library/Frameworks/CoreData.framework; sourceTree = SDKROOT; };
		24F42E4D1C8F4FD20003A495 /* Model.xcdatamodel */ = {isa = PBXFileReference; lastKnownFileType = wrapper.xcdatamodel; path = Model.xcdatamodel; sourceTree = "<group>"; };
		24F42E4F1C8F55C40003A495 /* Bit+CoreDataProperties.swift */ = {isa = PBXFileReference; fileEncoding = 4; lastKnownFileType = sourcecode.swift; path = "Bit+CoreDataProperties.swift"; sourceTree = "<group>"; };
		24F42E501C8F55C40003A495 /* Bit.swift */ = {isa = PBXFileReference; fileEncoding = 4; lastKnownFileType = sourcecode.swift; path = Bit.swift; sourceTree = "<group>"; };
		24F42E531C8F83860003A495 /* CDTableViewController.swift */ = {isa = PBXFileReference; fileEncoding = 4; lastKnownFileType = sourcecode.swift; path = CDTableViewController.swift; sourceTree = "<group>"; };
		24F42E561C8FCE400003A495 /* GenericVC.swift */ = {isa = PBXFileReference; fileEncoding = 4; lastKnownFileType = sourcecode.swift; path = GenericVC.swift; sourceTree = "<group>"; };
/* End PBXFileReference section */

/* Begin PBXFrameworksBuildPhase section */
		240E50F41C3852B400B60E6A /* Frameworks */ = {
			isa = PBXFrameworksBuildPhase;
			buildActionMask = 2147483647;
			files = (
				24F42E481C8F44720003A495 /* CoreData.framework in Frameworks */,
			);
			runOnlyForDeploymentPostprocessing = 0;
		};
/* End PBXFrameworksBuildPhase section */

/* Begin PBXGroup section */
		240E50EE1C3852B400B60E6A = {
			isa = PBXGroup;
			children = (
				240E50F91C3852B400B60E6A /* Bits */,
				24F42E491C8F44860003A495 /* Frameworks */,
				240E50F81C3852B400B60E6A /* Products */,
			);
			sourceTree = "<group>";
		};
		240E50F81C3852B400B60E6A /* Products */ = {
			isa = PBXGroup;
			children = (
				240E50F71C3852B400B60E6A /* Bits.app */,
			);
			name = Products;
			sourceTree = "<group>";
		};
		240E50F91C3852B400B60E6A /* Bits */ = {
			isa = PBXGroup;
			children = (
				24F42E4B1C8F4FB00003A495 /* Data Model */,
				24F42E441C8F43F60003A495 /* Generic Core Data Classes */,
				24F42E551C8FCE020003A495 /* Generic Classes */,
				240E50FA1C3852B400B60E6A /* AppDelegate.swift */,
				240E51331C3AF49D00B60E6A /* HeadingsViewController.swift */,
				240E51761C3C58B400B60E6A /* BodyViewController.swift */,
				240E50FE1C3852B400B60E6A /* Main.storyboard */,
				240E51011C3852B400B60E6A /* Assets.xcassets */,
				240E51031C3852B400B60E6A /* LaunchScreen.storyboard */,
				240E51061C3852B400B60E6A /* Info.plist */,
			);
			path = Bits;
			sourceTree = "<group>";
		};
		24F42E441C8F43F60003A495 /* Generic Core Data Classes */ = {
			isa = PBXGroup;
			children = (
				24F42E451C8F44290003A495 /* CDHelper.swift */,
				24F42E531C8F83860003A495 /* CDTableViewController.swift */,
			);
			name = "Generic Core Data Classes";
			sourceTree = "<group>";
		};
		24F42E491C8F44860003A495 /* Frameworks */ = {
			isa = PBXGroup;
			children = (
				24F42E471C8F44720003A495 /* CoreData.framework */,
			);
			name = Frameworks;
			path = Bits;
			sourceTree = "<group>";
		};
		24F42E4B1C8F4FB00003A495 /* Data Model */ = {
			isa = PBXGroup;
			children = (
				24F42E4C1C8F4FD20003A495 /* Model.xcdatamodeld */,
				24F42E4F1C8F55C40003A495 /* Bit+CoreDataProperties.swift */,
				24F42E501C8F55C40003A495 /* Bit.swift */,
			);
			name = "Data Model";
			sourceTree = "<group>";
		};
		24F42E551C8FCE020003A495 /* Generic Classes */ = {
			isa = PBXGroup;
			children = (
				24F42E561C8FCE400003A495 /* GenericVC.swift */,
			);
			name = "Generic Classes";
			sourceTree = "<group>";
		};
/* End PBXGroup section */

/* Begin PBXNativeTarget section */
		240E50F61C3852B400B60E6A /* Bits */ = {
			isa = PBXNativeTarget;
			buildConfigurationList = 240E51141C3852B500B60E6A /* Build configuration list for PBXNativeTarget "Bits" */;
			buildPhases = (
				240E50F31C3852B400B60E6A /* Sources */,
				240E50F41C3852B400B60E6A /* Frameworks */,
				240E50F51C3852B400B60E6A /* Resources */,
			);
			buildRules = (
			);
			dependencies = (
			);
			name = Bits;
			productName = Bits;
			productReference = 240E50F71C3852B400B60E6A /* Bits.app */;
			productType = "com.apple.product-type.application";
		};
/* End PBXNativeTarget section */

/* Begin PBXProject section */
		240E50EF1C3852B400B60E6A /* Project object */ = {
			isa = PBXProject;
			attributes = {
				LastSwiftUpdateCheck = 0720;
				LastUpgradeCheck = 0720;
				ORGANIZATIONNAME = "Huanzhong Huang";
				TargetAttributes = {
					240E50F61C3852B400B60E6A = {
						CreatedOnToolsVersion = 7.2;
						DevelopmentTeam = CPPYG66QV9;
					};
				};
			};
			buildConfigurationList = 240E50F21C3852B400B60E6A /* Build configuration list for PBXProject "Bits" */;
			compatibilityVersion = "Xcode 3.2";
			developmentRegion = English;
			hasScannedForEncodings = 0;
			knownRegions = (
				en,
				Base,
			);
			mainGroup = 240E50EE1C3852B400B60E6A;
			productRefGroup = 240E50F81C3852B400B60E6A /* Products */;
			projectDirPath = "";
			projectRoot = "";
			targets = (
				240E50F61C3852B400B60E6A /* Bits */,
			);
		};
/* End PBXProject section */

/* Begin PBXResourcesBuildPhase section */
		240E50F51C3852B400B60E6A /* Resources */ = {
			isa = PBXResourcesBuildPhase;
			buildActionMask = 2147483647;
			files = (
				240E51051C3852B400B60E6A /* LaunchScreen.storyboard in Resources */,
				240E51021C3852B400B60E6A /* Assets.xcassets in Resources */,
				240E51001C3852B400B60E6A /* Main.storyboard in Resources */,
			);
			runOnlyForDeploymentPostprocessing = 0;
		};
/* End PBXResourcesBuildPhase section */

/* Begin PBXSourcesBuildPhase section */
		240E50F31C3852B400B60E6A /* Sources */ = {
			isa = PBXSourcesBuildPhase;
			buildActionMask = 2147483647;
			files = (
				24F42E541C8F83860003A495 /* CDTableViewController.swift in Sources */,
				240E51341C3AF49D00B60E6A /* HeadingsViewController.swift in Sources */,
				24F42E511C8F55C40003A495 /* Bit+CoreDataProperties.swift in Sources */,
				240E50FB1C3852B400B60E6A /* AppDelegate.swift in Sources */,
				24F42E461C8F44290003A495 /* CDHelper.swift in Sources */,
				24F42E571C8FCE400003A495 /* GenericVC.swift in Sources */,
				240E51771C3C58B400B60E6A /* BodyViewController.swift in Sources */,
				24F42E521C8F55C40003A495 /* Bit.swift in Sources */,
				24F42E4E1C8F4FD20003A495 /* Model.xcdatamodeld in Sources */,
			);
			runOnlyForDeploymentPostprocessing = 0;
		};
/* End PBXSourcesBuildPhase section */

/* Begin PBXVariantGroup section */
		240E50FE1C3852B400B60E6A /* Main.storyboard */ = {
			isa = PBXVariantGroup;
			children = (
				240E50FF1C3852B400B60E6A /* Base */,
			);
			name = Main.storyboard;
			sourceTree = "<group>";
		};
		240E51031C3852B400B60E6A /* LaunchScreen.storyboard */ = {
			isa = PBXVariantGroup;
			children = (
				240E51041C3852B400B60E6A /* Base */,
			);
			name = LaunchScreen.storyboard;
			sourceTree = "<group>";
		};
/* End PBXVariantGroup section */

/* Begin XCBuildConfiguration section */
		240E51121C3852B500B60E6A /* Debug */ = {
			isa = XCBuildConfiguration;
			buildSettings = {
				ALWAYS_SEARCH_USER_PATHS = NO;
				CLANG_CXX_LANGUAGE_STANDARD = "gnu++0x";
				CLANG_CXX_LIBRARY = "libc++";
				CLANG_ENABLE_MODULES = YES;
				CLANG_ENABLE_OBJC_ARC = YES;
				CLANG_WARN_BOOL_CONVERSION = YES;
				CLANG_WARN_CONSTANT_CONVERSION = YES;
				CLANG_WARN_DIRECT_OBJC_ISA_USAGE = YES_ERROR;
				CLANG_WARN_EMPTY_BODY = YES;
				CLANG_WARN_ENUM_CONVERSION = YES;
				CLANG_WARN_INT_CONVERSION = YES;
				CLANG_WARN_OBJC_ROOT_CLASS = YES_ERROR;
				CLANG_WARN_UNREACHABLE_CODE = YES;
				CLANG_WARN__DUPLICATE_METHOD_MATCH = YES;
				"CODE_SIGN_IDENTITY[sdk=iphoneos*]" = "iPhone Developer";
				COPY_PHASE_STRIP = NO;
				DEBUG_INFORMATION_FORMAT = dwarf;
				ENABLE_STRICT_OBJC_MSGSEND = YES;
				ENABLE_TESTABILITY = YES;
				GCC_C_LANGUAGE_STANDARD = gnu99;
				GCC_DYNAMIC_NO_PIC = NO;
				GCC_NO_COMMON_BLOCKS = YES;
				GCC_OPTIMIZATION_LEVEL = 0;
				GCC_PREPROCESSOR_DEFINITIONS = (
					"DEBUG=1",
					"$(inherited)",
				);
				GCC_WARN_64_TO_32_BIT_CONVERSION = YES;
				GCC_WARN_ABOUT_RETURN_TYPE = YES_ERROR;
				GCC_WARN_UNDECLARED_SELECTOR = YES;
				GCC_WARN_UNINITIALIZED_AUTOS = YES_AGGRESSIVE;
				GCC_WARN_UNUSED_FUNCTION = YES;
				GCC_WARN_UNUSED_VARIABLE = YES;
				IPHONEOS_DEPLOYMENT_TARGET = 9.2;
				MTL_ENABLE_DEBUG_INFO = YES;
				ONLY_ACTIVE_ARCH = YES;
				SDKROOT = iphoneos;
				SWIFT_OPTIMIZATION_LEVEL = "-Onone";
			};
			name = Debug;
		};
		240E51131C3852B500B60E6A /* Release */ = {
			isa = XCBuildConfiguration;
			buildSettings = {
				ALWAYS_SEARCH_USER_PATHS = NO;
				CLANG_CXX_LANGUAGE_STANDARD = "gnu++0x";
				CLANG_CXX_LIBRARY = "libc++";
				CLANG_ENABLE_MODULES = YES;
				CLANG_ENABLE_OBJC_ARC = YES;
				CLANG_WARN_BOOL_CONVERSION = YES;
				CLANG_WARN_CONSTANT_CONVERSION = YES;
				CLANG_WARN_DIRECT_OBJC_ISA_USAGE = YES_ERROR;
				CLANG_WARN_EMPTY_BODY = YES;
				CLANG_WARN_ENUM_CONVERSION = YES;
				CLANG_WARN_INT_CONVERSION = YES;
				CLANG_WARN_OBJC_ROOT_CLASS = YES_ERROR;
				CLANG_WARN_UNREACHABLE_CODE = YES;
				CLANG_WARN__DUPLICATE_METHOD_MATCH = YES;
				"CODE_SIGN_IDENTITY[sdk=iphoneos*]" = "iPhone Developer";
				COPY_PHASE_STRIP = NO;
				DEBUG_INFORMATION_FORMAT = "dwarf-with-dsym";
				ENABLE_NS_ASSERTIONS = NO;
				ENABLE_STRICT_OBJC_MSGSEND = YES;
				GCC_C_LANGUAGE_STANDARD = gnu99;
				GCC_NO_COMMON_BLOCKS = YES;
				GCC_WARN_64_TO_32_BIT_CONVERSION = YES;
				GCC_WARN_ABOUT_RETURN_TYPE = YES_ERROR;
				GCC_WARN_UNDECLARED_SELECTOR = YES;
				GCC_WARN_UNINITIALIZED_AUTOS = YES_AGGRESSIVE;
				GCC_WARN_UNUSED_FUNCTION = YES;
				GCC_WARN_UNUSED_VARIABLE = YES;
				IPHONEOS_DEPLOYMENT_TARGET = 9.2;
				MTL_ENABLE_DEBUG_INFO = NO;
				SDKROOT = iphoneos;
				VALIDATE_PRODUCT = YES;
			};
			name = Release;
		};
		240E51151C3852B500B60E6A /* Debug */ = {
			isa = XCBuildConfiguration;
			buildSettings = {
				ASSETCATALOG_COMPILER_APPICON_NAME = AppIcon;
				CODE_SIGN_IDENTITY = "iPhone Developer";
				"CODE_SIGN_IDENTITY[sdk=iphoneos*]" = "iPhone Developer";
				INFOPLIST_FILE = Bits/Info.plist;
				IPHONEOS_DEPLOYMENT_TARGET = 9.0;
				LD_RUNPATH_SEARCH_PATHS = "$(inherited) @executable_path/Frameworks";
				PRODUCT_BUNDLE_IDENTIFIER = edu.self.Bits;
				PRODUCT_NAME = "$(TARGET_NAME)";
				PROVISIONING_PROFILE = "";
				TARGETED_DEVICE_FAMILY = 1;
			};
			name = Debug;
		};
		240E51161C3852B500B60E6A /* Release */ = {
			isa = XCBuildConfiguration;
			buildSettings = {
				ASSETCATALOG_COMPILER_APPICON_NAME = AppIcon;
				CODE_SIGN_IDENTITY = "iPhone Developer";
				"CODE_SIGN_IDENTITY[sdk=iphoneos*]" = "iPhone Developer";
				INFOPLIST_FILE = Bits/Info.plist;
				IPHONEOS_DEPLOYMENT_TARGET = 9.0;
				LD_RUNPATH_SEARCH_PATHS = "$(inherited) @executable_path/Frameworks";
				PRODUCT_BUNDLE_IDENTIFIER = edu.self.Bits;
				PRODUCT_NAME = "$(TARGET_NAME)";
				PROVISIONING_PROFILE = "";
				TARGETED_DEVICE_FAMILY = 1;
			};
			name = Release;
		};
/* End XCBuildConfiguration section */

/* Begin XCConfigurationList section */
		240E50F21C3852B400B60E6A /* Build configuration list for PBXProject "Bits" */ = {
			isa = XCConfigurationList;
			buildConfigurations = (
				240E51121C3852B500B60E6A /* Debug */,
				240E51131C3852B500B60E6A /* Release */,
			);
			defaultConfigurationIsVisible = 0;
			defaultConfigurationName = Release;
		};
		240E51141C3852B500B60E6A /* Build configuration list for PBXNativeTarget "Bits" */ = {
			isa = XCConfigurationList;
			buildConfigurations = (
				240E51151C3852B500B60E6A /* Debug */,
				240E51161C3852B500B60E6A /* Release */,
			);
			defaultConfigurationIsVisible = 0;
			defaultConfigurationName = Release;
		};
/* End XCConfigurationList section */

/* Begin XCVersionGroup section */
		24F42E4C1C8F4FD20003A495 /* Model.xcdatamodeld */ = {
			isa = XCVersionGroup;
			children = (
				24F42E4D1C8F4FD20003A495 /* Model.xcdatamodel */,
			);
			currentVersion = 24F42E4D1C8F4FD20003A495 /* Model.xcdatamodel */;
			path = Model.xcdatamodeld;
			sourceTree = "<group>";
			versionGroupType = wrapper.xcdatamodel;
		};
/* End XCVersionGroup section */
	};
	rootObject = 240E50EF1C3852B400B60E6A /* Project object */;
}
